
Microsoft Visual Studio Solution File, Format Version 12.00
# Visual Studio Version 16
VisualStudioVersion = 16.0.31205.134
MinimumVisualStudioVersion = 10.0.40219.1
Project("{FAE04EC0-301F-11D3-BF4B-00C04F79EFBC}") = "FizzBuzz++", "FizzBuzz++\FizzBuzz++.csproj", "{749051FE-AB61-4D78-AE86-15FCD466BAF3}"
EndProject
Global
	GlobalSection(SolutionConfigurationPlatforms) = preSolution
		Debug|Any CPU = Debug|Any CPU
		Release|Any CPU = Release|Any CPU
	EndGlobalSection
	GlobalSection(ProjectConfigurationPlatforms) = postSolution
		{749051FE-AB61-4D78-AE86-15FCD466BAF3}.Debug|Any CPU.ActiveCfg = Debug|Any CPU
		{749051FE-AB61-4D78-AE86-15FCD466BAF3}.Debug|Any CPU.Build.0 = Debug|Any CPU
		{749051FE-AB61-4D78-AE86-15FCD466BAF3}.Release|Any CPU.ActiveCfg = Release|Any CPU
		{749051FE-AB61-4D78-AE86-15FCD466BAF3}.Release|Any CPU.Build.0 = Release|Any CPU
	EndGlobalSection
	GlobalSection(SolutionProperties) = preSolution
		HideSolutionNode = FALSE
	EndGlobalSection
	GlobalSection(ExtensibilityGlobals) = postSolution
		SolutionGuid = {EFFA2903-C36B-438B-89B2-09C96C0836EF}
	EndGlobalSection
EndGlobal
